version = 1
revision = 3
requires-python = ">=3.12"

[[package]]
name = "colorama"
version = "0.4.6"
source = { registry = "https://pypi.org/simple" }
sdist = { url = "https://files.pythonhosted.org/packages/d8/53/6f443c9a4a8358a93a6792e2acffb9d9d5cb0a5cfd8802644b7b1c9a02e4/colorama-0.4.6.tar.gz", hash = "sha256:08695f5cb7ed6e0531a20572697297273c47b8cae5a63ffc6d6ed5c201be6e44", size = 27697, upload-time = "2022-10-25T02:36:22.414Z" }
wheels = [
    { url = "https://files.pythonhosted.org/packages/d1/d6/3965ed04c63042e047cb6a3e6ed1a63a35087b6a609aa3a15ed8ac56c221/colorama-0.4.6-py2.py3-none-any.whl", hash = "sha256:4f1d9991f5acc0ca119f9d443620b77f9d6b33703e51011c16baf57afb285fc6", size = 25335, upload-time = "2022-10-25T02:36:20.889Z" },
]

[[package]]
name = "hatchling"
version = "1.31.0"
source = { registry = "https://pypi.org/simple" }
dependencies = [
    { name = "packaging" },
    { name = "pathspec" },
    { name = "pluggy" },
    { name = "trove-classifiers" },
]
sdist = { url = "https://files.pythonhosted.org/packages/25/e2/dfa73fe78f773018dcaebc6d09b819bc10d328ff5a6b4a66efa1e3d71f52/hatchling-1.31.0.tar.gz", hash = "sha256:6b48ad4068a482ed7239b3a8215bc55b47aad3345d58dfc94e553c5d2d46211b", size = 57208, upload-time = "2026-07-08T01:48:32.237Z" }
wheels = [
    { url = "https://files.pythonhosted.org/packages/64/e2/2c0af0a52d16be74a4f194564fcdc417521ed863e9b65e4bc9052dacba6f/hatchling-1.31.0-py3-none-any.whl", hash = "sha256:aac80bec8b6fe35e8480f1c335be8910fa210a0e6f735a139be205dadcacb544", size = 77747, upload-time = "2026-07-08T01:48:31.024Z" },
]

[[package]]
name = "iniconfig"
version = "2.3.0"
source = { registry = "https://pypi.org/simple" }
sdist = { url = "https://files.pythonhosted.org/packages/72/34/14ca021ce8e5dfedc35312d08ba8bf51fdd999c576889fc2c24cb97f4f10/iniconfig-2.3.0.tar.gz", hash = "sha256:c76315c77db068650d49c5b56314774a7804df16fee4402c1f19d6d15d8c4730", size = 20503, upload-time = "2025-10-18T21:55:43.219Z" }
wheels = [
    { url = "https://files.pythonhosted.org/packages/cb/b1/3846dd7f199d53cb17f49cba7e651e9ce294d8497c8c150530ed11865bb8/iniconfig-2.3.0-py3-none-any.whl", hash = "sha256:f631c04d2c48c52b84d0d0549c99ff3859c98df65b3101406327ecc7d53fbf12", size = 7484, upload-time = "2025-10-18T21:55:41.639Z" },
]

[[package]]
name = "markdown-it-py"
version = "4.2.0"
source = { registry = "https://pypi.org/simple" }
dependencies = [
    { name = "mdurl" },
]
sdist = { url = "https://files.pythonhosted.org/packages/06/ff/7841249c247aa650a76b9ee4bbaeae59370dc8bfd2f6c01f3630c35eb134/markdown_it_py-4.2.0.tar.gz", hash = "sha256:04a21681d6fbb623de53f6f364d352309d4094dd4194040a10fd51833e418d49", size = 82454, upload-time = "2026-05-07T12:08:28.36Z" }
wheels = [
    { url = "https://files.pythonhosted.org/packages/b3/81/4da04ced5a082363ecfa159c010d200ecbd959ae410c10c0264a38cac0f5/markdown_it_py-4.2.0-py3-none-any.whl", hash = "sha256:9f7ebbcd14fe59494226453aed97c1070d83f8d24b6fc3a3bcf9a38092641c4a", size = 91687, upload-time = "2026-05-07T12:08:27.182Z" },
]

[[package]]
name = "mdurl"
version = "0.1.2"
source = { registry = "https://pypi.org/simple" }
sdist = { url = "https://files.pythonhosted.org/packages/d6/54/cfe61301667036ec958cb99bd3efefba235e65cdeb9c84d24a8293ba1d90/mdurl-0.1.2.tar.gz", hash = "sha256:bb413d29f5eea38f31dd4754dd7377d4465116fb207585f97bf925588687c1ba", size = 8729, upload-time = "2022-08-14T12:40:10.846Z" }
wheels = [
    { url = "https://files.pythonhosted.org/packages/b3/38/89ba8ad64ae25be8de66a6d463314cf1eb366222074cfda9ee839c56a4b4/mdurl-0.1.2-py3-none-any.whl", hash = "sha256:84008a41e51615a49fc9966191ff91509e3c40b939176e643fd50a5c2196b8f8", size = 9979, upload-time = "2022-08-14T12:40:09.779Z" },
]

[[package]]
name = "packaging"
version = "26.3"
source = { registry = "https://pypi.org/simple" }
sdist = { url = "https://files.pythonhosted.org/packages/7d/fa/3944b40b07da9ce895c0e6303a5ab7d53da063554f534556b134a54d6093/packaging-26.3.tar.gz", hash = "sha256:94edc256424af38762eb31306eed28beb9f0efc50a8837492c9d6fd6004aed79", size = 313412, upload-time = "2026-08-04T18:15:28.737Z" }
wheels = [
    { url = "https://files.pythonhosted.org/packages/63/34/ba1c580383c9eada3711951fef0795c80b829a078d72188184bcab9dd527/packaging-26.3-py3-none-any.whl", hash = "sha256:d7193f7c8e4e93f444fde0262bf90af30e16fa0ad0ad44cb553c87339b23cd1c", size = 129956, upload-time = "2026-08-04T18:15:27.159Z" },
]

[[package]]
name = "pathspec"
version = "1.1.1"
source = { registry = "https://pypi.org/simple" }
sdist = { url = "https://files.pythonhosted.org/packages/5a/82/42f767fc1c1143d6fd36efb827202a2d997a375e160a71eb2888a925aac1/pathspec-1.1.1.tar.gz", hash = "sha256:17db5ecd524104a120e173814c90367a96a98d07c45b2e10c2f3919fff91bf5a", size = 135180, upload-time = "2026-04-27T01:46:08.907Z" }
wheels = [
    { url = "https://files.pythonhosted.org/packages/f1/d9/7fb5aa316bc299258e68c73ba3bddbc499654a07f151cba08f6153988714/pathspec-1.1.1-py3-none-any.whl", hash = "sha256:a00ce642f577bf7f473932318056212bc4f8bfdf53128c78bbd5af0b9b20b189", size = 57328, upload-time = "2026-04-27T01:46:07.06Z" },
]

[[package]]
name = "pdfmasker"
source = { editable = "." }

[package.dev-dependencies]
build = [
    { name = "hatchling" },
]
dev = [
    { name = "hatchling" },
    { name = "prek" },
    { name = "pytest" },
    { name = "pytest-codspeed" },
    { name = "ruff" },
    { name = "zizmor" },
]
lint = [
    { name = "ruff" },
    { name = "zizmor" },
]
pre-commit = [
    { name = "prek" },
]
test = [
    { name = "pytest" },
    { name = "pytest-codspeed" },
]

[package.metadata]

[package.metadata.requires-dev]
build = [{ name = "hatchling", specifier = ">=0.0.1" }]
dev = [
    { name = "hatchling", specifier = ">=0.0.1" },
    { name = "prek", specifier = ">=0.4.12" },
    { name = "pytest", specifier = ">=9.1.1" },
    { name = "pytest-codspeed", specifier = ">=5.0.3" },
    { name = "ruff", specifier = ">=0.16.2" },
    { name = "zizmor", specifier = ">=1.29.0" },
]
lint = [
    { name = "ruff", specifier = ">=0.16.2" },
    { name = "zizmor", specifier = ">=1.29.0" },
]
pre-commit = [{ name = "prek", specifier = ">=0.4.12" }]
test = [
    { name = "pytest", specifier = ">=9.1.1" },
    { name = "pytest-codspeed", specifier = ">=5.0.3" },
]

[[package]]
name = "pluggy"
version = "1.6.0"
source = { registry = "https://pypi.org/simple" }
sdist = { url = "https://files.pythonhosted.org/packages/f9/e2/3e91f31a7d2b083fe6ef3fa267035b518369d9511ffab804f839851d2779/pluggy-1.6.0.tar.gz", hash = "sha256:7dcc130b76258d33b90f61b658791dede3486c3e6bfb003ee5c9bfb396dd22f3", size = 69412, upload-time = "2025-05-15T12:30:07.975Z" }
wheels = [
    { url = "https://files.pythonhosted.org/packages/54/20/4d324d65cc6d9205fabedc306948156824eb9f0ee1633355a8f7ec5c66bf/pluggy-1.6.0-py3-none-any.whl", hash = "sha256:e920276dd6813095e9377c0bc5566d94c932c33b27a3e3945d8389c374dd4746", size = 20538, upload-time = "2025-05-15T12:30:06.134Z" },
]

[[package]]
name = "prek"
version = "0.4.12"
source = { registry = "https://pypi.org/simple" }
sdist = { url = "https://files.pythonhosted.org/packages/fc/5c/cb6e63f7e5a58a5313ddb70409174f4dc004e4b0910b8a8d3f59b2225a95/prek-0.4.12.tar.gz", hash = "sha256:04beeba7f40437cd2f36804b84101bd7f3c9fb40b52da46a25604642ab2bfb09", size = 519080, upload-time = "2026-08-03T11:28:33.147Z" }
wheels = [
    { url = "https://files.pythonhosted.org/packages/f3/23/5811a3161e072e5f93e4da01af611ee30c32922507b8ab4d9873df6affd3/prek-0.4.12-py3-none-linux_armv6l.whl", hash = "sha256:cd92000b051e433f26340821cf1cc8e6e3960f1275f3d516ca01f05905abba64", size = 5793226, upload-time = "2026-08-03T11:28:09.534Z" },
    { url = "https://files.pythonhosted.org/packages/a3/88/8607845d94eb1482e1bd335dadf098618f077a15775f7e98de99669052b4/prek-0.4.12-py3-none-macosx_10_12_x86_64.whl", hash = "sha256:5904fe6c6ab26e7d8792a3c7f1e3fc8d94fcfb63ad33b247c35f004b62cb6275", size = 6132269, upload-time = "2026-08-03T11:28:11.147Z" },
    { url = "https://files.pythonhosted.org/packages/ac/28/571d79ba457fbd9ecf40ae879c91952e12f5fa475306218c91139b86db7a/prek-0.4.12-py3-none-macosx_11_0_arm64.whl", hash = "sha256:df3eff1db9c24dc293010a07bc7a0ae0c541d55af828f5586405dedc28c4920d", size = 5614964, upload-time = "2026-08-03T11:28:12.983Z" },
    { url = "https://files.pythonhosted.org/packages/b0/a9/3f5cb79a73c764a8ac38d5bcd51e0df57239856eca7949b09bdac4338bf3/prek-0.4.12-py3-none-manylinux_2_17_aarch64.manylinux2014_aarch64.musllinux_1_1_aarch64.whl", hash = "sha256:c7733b44ca772ea32ec6a8bee669d0358bdf45873e79767afed196065084f31c", size = 5941047, upload-time = "2026-08-03T11:28:14.45Z" },
    { url = "https://files.pythonhosted.org/packages/8c/00/1dfed0ef8af10c5c32aa903486dccd33d2df171f3d945a037c5692f10760/prek-0.4.12-py3-none-manylinux_2_17_armv7l.manylinux2014_armv7l.whl", hash = "sha256:87f170cf1ffd6e3a196f947b83dff1f6c2cd68635f8d49740278bebe7b682262", size = 5707994, upload-time = "2026-08-03T11:28:15.914Z" },
    { url = "https://files.pythonhosted.org/packages/c0/bd/5f388f6cbdc0445b850e7c1a160d0be67fcef8bf221e3c8141a1feccef17/prek-0.4.12-py3-none-manylinux_2_17_i686.manylinux2014_i686.whl", hash = "sha256:57dad513831f060cf73808df8edec29d46ec311435aa69f21c80edebf23dc5e1", size = 6133784, upload-time = "2026-08-03T11:28:17.184Z" },
    { url = "https://files.pythonhosted.org/packages/ba/47/342091a987bf68a74acec6d226a40ce7d51faf0019aa4126cc7bc952f8a7/prek-0.4.12-py3-none-manylinux_2_17_s390x.manylinux2014_s390x.whl", hash = "sha256:b204844abc7ded983471f576ae8dc13b99e9b8d022e4d4b46176c6654769c9d8", size = 6901589, upload-time = "2026-08-03T11:28:18.545Z" },
    { url = "https://files.pythonhosted.org/packages/5b/8a/3ef7bdc3c3441649ebc040b9e164a13163e1e5fabae23e7bbb901992f3de/prek-0.4.12-py3-none-manylinux_2_17_x86_64.manylinux2014_x86_64.whl", hash = "sha256:43b0a5a9d3f2f77871fdcb7893bfc5c8fe7e44f4e603ce6e4712bfec96b2d6f2", size = 6342189, upload-time = "2026-08-03T11:28:20Z" },
    { url = "https://files.pythonhosted.org/packages/c4/da/6277908442301b1b92a2879f6b04aaa03accb900f80e42776fc28b8197ef/prek-0.4.12-py3-none-manylinux_2_28_aarch64.whl", hash = "sha256:0d188e572c306cc44b96e1bae5647e25b7bd311113f3f3f4a67320c257ee64a3", size = 5951250, upload-time = "2026-08-03T11:28:21.339Z" },
    { url = "https://files.pythonhosted.org/packages/a3/68/bff51a7332837edb1ecbe017325adb7fafd69b9c7828ddc81a1334b884af/prek-0.4.12-py3-none-manylinux_2_31_riscv64.whl", hash = "sha256:986f52d104b7066190f0f32aebe3467710356de265e9bfd892101ba99371db4d", size = 5804147, upload-time = "2026-08-03T11:28:22.656Z" },
    { url = "https://files.pythonhosted.org/packages/aa/de/b7f544971072ed7814125145dfeb1f7c15cce6b78ccea65a96298ff37838/prek-0.4.12-py3-none-musllinux_1_1_armv7l.whl", hash = "sha256:13e34d9e09bafcbf1f25a01cf86985e2c5e486591d3f45b2786ba3de82e5153a", size = 5680104, upload-time = "2026-08-03T11:28:24.271Z" },
    { url = "https://files.pythonhosted.org/packages/68/94/95942bcc20a6a91ec2989aa30fdeb00ad095be736ec48b4bbcf0376166b1/prek-0.4.12-py3-none-musllinux_1_1_i686.whl", hash = "sha256:3d0208370da73e8b5bc97f2492dc3975f8dd2c22f4bf6e1f2cf3342503764b52", size = 5975030, upload-time = "2026-08-03T11:28:25.683Z" },
    { url = "https://files.pythonhosted.org/packages/ef/6d/26e6497198d81cf9aa82495400aef46adea8df3e4a4efc5f00e3b6ab3292/prek-0.4.12-py3-none-musllinux_1_1_x86_64.whl", hash = "sha256:b1005f42920111bec1403c25e8f2f12ec7af0be06686cc3b8dcf85429af908a8", size = 6458532, upload-time = "2026-08-03T11:28:27.121Z" },
    { url = "https://files.pythonhosted.org/packages/44/02/ee140c2eb4701bd194db429d84630733492be94897d5f72b61d6f11e6619/prek-0.4.12-py3-none-win32.whl", hash = "sha256:afee229488dcceaea282288e4d7096a93da5a8b85649d9ef506dbdbcd78f38a7", size = 5502213, upload-time = "2026-08-03T11:28:28.691Z" },
    { url = "https://files.pythonhosted.org/packages/e5/7b/744cff84def48c1ce38c0b4f643a3553c66976c5bb7869ab7317044870e4/prek-0.4.12-py3-none-win_amd64.whl", hash = "sha256:fdd27bad8adafea8fe77606950ca09200d59296a47ab131cfb88718d460949d7", size = 5868065, upload-time = "2026-08-03T11:28:30.377Z" },
    { url = "https://files.pythonhosted.org/packages/46/1d/e2c0fc222904ef73df1739b11a83edc29e38bc4bc61259f2ca6d2f15abb0/prek-0.4.12-py3-none-win_arm64.whl", hash = "sha256:45e34a24fba4a4e4568682477158591698efc2375b8d1d418ae424691c4bd01b", size = 5632819, upload-time = "2026-08-03T11:28:31.743Z" },
]

[[package]]
name = "pygments"
version = "2.20.0"
source = { registry = "https://pypi.org/simple" }
sdist = { url = "https://files.pythonhosted.org/packages/c3/b2/bc9c9196916376152d655522fdcebac55e66de6603a76a02bca1b6414f6c/pygments-2.20.0.tar.gz", hash = "sha256:6757cd03768053ff99f3039c1a36d6c0aa0b263438fcab17520b30a303a82b5f", size = 4955991, upload-time = "2026-03-29T13:29:33.898Z" }
wheels = [
    { url = "https://files.pythonhosted.org/packages/f4/7e/a72dd26f3b0f4f2bf1dd8923c85f7ceb43172af56d63c7383eb62b332364/pygments-2.20.0-py3-none-any.whl", hash = "sha256:81a9e26dd42fd28a23a2d169d86d7ac03b46e2f8b59ed4698fb4785f946d0176", size = 1231151, upload-time = "2026-03-29T13:29:30.038Z" },
]

[[package]]
name = "pytest"
version = "9.1.1"
source = { registry = "https://pypi.org/simple" }
dependencies = [
    { name = "colorama", marker = "sys_platform == 'win32'" },
    { name = "iniconfig" },
    { name = "packaging" },
    { name = "pluggy" },
    { name = "pygments" },
]
sdist = { url = "https://files.pythonhosted.org/packages/e4/47/b9efed96c114afcfa3c9d3fe98a76a1d14c74a9e266d397cf6eb64be5e01/pytest-9.1.1.tar.gz", hash = "sha256:1088fbde8f2b49d95a549a195707afa7a76a3ce9bcadc26b6d71f0ffda5fe313", size = 1636369, upload-time = "2026-06-19T10:58:32.857Z" }
wheels = [
    { url = "https://files.pythonhosted.org/packages/24/25/1de2678b631f5a49215c6c96fff41ba892b0a34df68d6d80292b1b48aa7f/pytest-9.1.1-py3-none-any.whl", hash = "sha256:37a86b45efb9a47a61a36449063e8e18d0cab3161329fc099eb21783169c4f0c", size = 386536, upload-time = "2026-06-19T10:58:31.347Z" },
]

[[package]]
name = "pytest-codspeed"
version = "5.0.3"
source = { registry = "https://pypi.org/simple" }
dependencies = [
    { name = "pytest" },
    { name = "rich" },
]
sdist = { url = "https://files.pythonhosted.org/packages/e1/b4/cf932fcd1960a2fd6d9b09eb403253a8709aeee975961afa6299239a830e/pytest_codspeed-5.0.3.tar.gz", hash = "sha256:91afef90e6a96b013495e4702ef5d6358614a449e71008cdc194ef668778b92f", size = 324571, upload-time = "2026-05-22T16:20:49.231Z" }
wheels = [
    { url = "https://files.pythonhosted.org/packages/c2/22/456c48160b761d5028c8afa119f085a9fc42855a783a13d73918078969f0/pytest_codspeed-5.0.3-cp312-cp312-macosx_11_0_arm64.whl", hash = "sha256:2eeb25fb1ac3f73c4de50e739e78fea396b89782bdb740bf2a7cd2df21f8d4ee", size = 366255, upload-time = "2026-05-22T16:20:56.214Z" },
    { url = "https://files.pythonhosted.org/packages/74/33/ac7441fa937c9d9f158083a8c46920a5a5c81ed3c5f96240fc8d650db5c2/pytest_codspeed-5.0.3-cp312-cp312-manylinux2014_aarch64.manylinux_2_17_aarch64.manylinux_2_28_aarch64.whl", hash = "sha256:73c5c9d98a3372a42611989ccfa437cce3842431ac6d6b9ab42c4f0e59c070f7", size = 932325, upload-time = "2026-05-22T16:21:08.814Z" },
    { url = "https://files.pythonhosted.org/packages/77/bc/8b994adcb9e9016e7d9a808056a3dd9cca21441e432ef456eae2b697d7fe/pytest_codspeed-5.0.3-cp312-cp312-manylinux2014_x86_64.manylinux_2_17_x86_64.manylinux_2_28_x86_64.whl", hash = "sha256:a2e0ab65df73e837666d12357280ca50ff6d6ac03ea5266703be518b68170edf", size = 934885, upload-time = "2026-05-22T16:21:01.444Z" },
    { url = "https://files.pythonhosted.org/packages/dc/8e/e032451e9e0a06b0c4bff53105f62b693d9a54595dd8c024693741ce3380/pytest_codspeed-5.0.3-cp313-cp313-macosx_11_0_arm64.whl", hash = "sha256:6524c57fec279a22ffef6112af404036afc71b4704758ae9f0abda429b8478d4", size = 366253, upload-time = "2026-05-22T16:20:46.192Z" },
    { url = "https://files.pythonhosted.org/packages/a9/7b/ae76fd8ac656b9695806a6aafd5f22ec32e6ce20e266a58f9112e01d3cd8/pytest_codspeed-5.0.3-cp313-cp313-manylinux2014_aarch64.manylinux_2_17_aarch64.manylinux_2_28_aarch64.whl", hash = "sha256:0c383c9121deb58a69f174188e9e4488ffc0daced0ed276abf87747182511901", size = 932360, upload-time = "2026-05-22T16:20:30.589Z" },
    { url = "https://files.pythonhosted.org/packages/a6/4a/dfd43d943fdb143be4fd62f34c2793ba349dc27aa188e521d19d629aa7ab/pytest_codspeed-5.0.3-cp313-cp313-manylinux2014_x86_64.manylinux_2_17_x86_64.manylinux_2_28_x86_64.whl", hash = "sha256:a4bcdb4b6522738152885ef067e0c8524d5699828d780fb6f464cdb3db44369c", size = 934928, upload-time = "2026-05-22T16:20:38.62Z" },
    { url = "https://files.pythonhosted.org/packages/04/6a/fdcec19c7f267c195f147c51d3fd2245f6b8d09b80495ed0a90c008e0842/pytest_codspeed-5.0.3-cp314-cp314-macosx_11_0_arm64.whl", hash = "sha256:25464363c7f9b9bd5022e969c0addba616fa40ac9b8f0fc9e030c4538863b32d", size = 366259, upload-time = "2026-05-22T16:21:06.039Z" },
    { url = "https://files.pythonhosted.org/packages/6a/96/c6b03b81dcd21ae3d6b32cca0b3c10149fa378eb21b338d4b63c9eb8050b/pytest_codspeed-5.0.3-cp314-cp314-manylinux2014_aarch64.manylinux_2_17_aarch64.manylinux_2_28_aarch64.whl", hash = "sha256:efd43f82ea03ced8488a767ded9473f050791ab7783ea8654107e1e0ac66af40", size = 932395, upload-time = "2026-05-22T16:21:04.804Z" },
    { url = "https://files.pythonhosted.org/packages/96/08/56ad8f1cc7d6962f8a680141b361e93467a2abc53d976cd9d5e1edd740e3/pytest_codspeed-5.0.3-cp314-cp314-manylinux2014_x86_64.manylinux_2_17_x86_64.manylinux_2_28_x86_64.whl", hash = "sha256:782f9985b6f6b45b8bc20152d206d3a52b56dd088ba81cb70a71f0b39841be9e", size = 934994, upload-time = "2026-05-22T16:20:28.809Z" },
    { url = "https://files.pythonhosted.org/packages/0b/54/9096c4545f09da94b1b00f3be2fe4952949e86c9bcafca9a29b26aed1a75/pytest_codspeed-5.0.3-cp314-cp314t-macosx_11_0_arm64.whl", hash = "sha256:9aa0815b90196f3c20d736ea8691381e97f12bbe8c7d87af10a351e434b452cb", size = 366311, upload-time = "2026-05-22T16:20:41.791Z" },
    { url = "https://files.pythonhosted.org/packages/a7/3c/24c53f67a38ad48cb087105ac30a8aa0923223ee274ea9bf2dc705edaa59/pytest_codspeed-5.0.3-cp314-cp314t-manylinux2014_aarch64.manylinux_2_17_aarch64.manylinux_2_28_aarch64.whl", hash = "sha256:85505c96a3477c346ec2d2b7dced8478f4c651e2b1666ee102d53a832b511853", size = 933169, upload-time = "2026-05-22T16:20:43.178Z" },
    { url = "https://files.pythonhosted.org/packages/d1/de/2213f868fa7694f743f96cccbc07e757f45c920c523cccc2da97bc8652df/pytest_codspeed-5.0.3-cp314-cp314t-manylinux2014_x86_64.manylinux_2_17_x86_64.manylinux_2_28_x86_64.whl", hash = "sha256:20eba63765be9d1b6cacbbfad84b87d49eb04b357a7045a0899880da181f81e3", size = 935522, upload-time = "2026-05-22T16:21:03.398Z" },
    { url = "https://files.pythonhosted.org/packages/df/85/5dfea1c031d6cccc11653464828edf205c30f798caf5b2a85375aacd914a/pytest_codspeed-5.0.3-cp315-cp315-macosx_11_0_arm64.whl", hash = "sha256:ec9fa6f0af0a9feb0e0bd517fb59ef28f806fbd50c0c6900ac26cbb4d080eba5", size = 366275, upload-time = "2026-05-22T16:20:59.463Z" },
    { url = "https://files.pythonhosted.org/packages/3c/2b/af4d1b612f03b98a6cf3c7d5f62678917a60110a8bf380d49ab408b31137/pytest_codspeed-5.0.3-cp315-cp315-manylinux2014_aarch64.manylinux_2_17_aarch64.manylinux_2_28_aarch64.whl", hash = "sha256:8df77b3409f54f4a268f77f3ff74992fe1d995cdbaf2cecf8ad74d32db217ce7", size = 932537, upload-time = "2026-05-22T16:20:54.945Z" },
    { url = "https://files.pythonhosted.org/packages/f5/a2/c7ec45e36a61b418efb2a3cccaa67a0c2fcf1f21d5880f64c33114f0c249/pytest_codspeed-5.0.3-cp315-cp315-manylinux2014_x86_64.manylinux_2_17_x86_64.manylinux_2_28_x86_64.whl", hash = "sha256:a5d8695a227ea1c3a41d25db5b3fe720bf1b4808bd38862be811a4efd902c792", size = 934153, upload-time = "2026-05-22T16:21:07.494Z" },
    { url = "https://files.pythonhosted.org/packages/cf/c7/d5bada9618a0af56a5c8065fc61280849cab8e7c1e24025807a51c3157ce/pytest_codspeed-5.0.3-cp315-cp315t-macosx_11_0_arm64.whl", hash = "sha256:bf4cc4178cbace8f4d2bd240408276bc4da3850ac5fcb5fb5f8a74ab417615bb", size = 366339, upload-time = "2026-05-22T16:20:51.968Z" },
    { url = "https://files.pythonhosted.org/packages/a8/37/fb27aeb40a81320e7349553b877a21333c897b27c8dfe215630452908f36/pytest_codspeed-5.0.3-cp315-cp315t-manylinux2014_aarch64.manylinux_2_17_aarch64.manylinux_2_28_aarch64.whl", hash = "sha256:abe793da40f87295d33988673d34f06ea569848b44490b847552cd416816258a", size = 933055, upload-time = "2026-05-22T16:20:44.861Z" },
    { url = "https://files.pythonhosted.org/packages/f3/d9/6f2d69e96deaf0475a695fc9195af59e7a3b5fab50782855e65c63a7bc28/pytest_codspeed-5.0.3-cp315-cp315t-manylinux2014_x86_64.manylinux_2_17_x86_64.manylinux_2_28_x86_64.whl", hash = "sha256:c3a9ed38dfa776443b86f4b49a982e8443d0953db4974bd2673d63cc904ae1ad", size = 934481, upload-time = "2026-05-22T16:20:58.264Z" },
    { url = "https://files.pythonhosted.org/packages/c5/b2/1d2a993c532146dce9eca5b5942d51898021c3579ce18b2454f932a915f8/pytest_codspeed-5.0.3-py3-none-any.whl", hash = "sha256:fe2ea83c924c2250675b75686c3ee456b8cf0208d83d552e182a195fdf467378", size = 74033, upload-time = "2026-05-22T16:20:26.814Z" },
]

[[package]]
name = "rich"
version = "15.0.0"
source = { registry = "https://pypi.org/simple" }
dependencies = [
    { name = "markdown-it-py" },
    { name = "pygments" },
]
sdist = { url = "https://files.pythonhosted.org/packages/c0/8f/0722ca900cc807c13a6a0c696dacf35430f72e0ec571c4275d2371fca3e9/rich-15.0.0.tar.gz", hash = "sha256:edd07a4824c6b40189fb7ac9bc4c52536e9780fbbfbddf6f1e2502c31b068c36", size = 230680, upload-time = "2026-04-12T08:24:00.75Z" }
wheels = [
    { url = "https://files.pythonhosted.org/packages/82/3b/64d4899d73f91ba49a8c18a8ff3f0ea8f1c1d75481760df8c68ef5235bf5/rich-15.0.0-py3-none-any.whl", hash = "sha256:33bd4ef74232fb73fe9279a257718407f169c09b78a87ad3d296f548e27de0bb", size = 310654, upload-time = "2026-04-12T08:24:02.83Z" },
]

[[package]]
name = "ruff"
version = "0.16.2"
source = { registry = "https://pypi.org/simple" }
sdist = { url = "https://files.pythonhosted.org/packages/73/e1/4508a569211b35599016e84ba65c1a992b7a4004b4b6c4bea02a851cba1b/ruff-0.16.2.tar.gz", hash = "sha256:c3d7828d12e8927a6fc65fe38e2c2541b9e762d360a1786d752cb1b8883b3c9c", size = 4885811, upload-time = "2026-08-07T13:31:01.432Z" }
wheels = [
    { url = "https://files.pythonhosted.org/packages/14/57/db19951540f98859c956b50bdb4d31089b4d91e9f15e2968e7d5193806d5/ruff-0.16.2-py3-none-linux_armv6l.whl", hash = "sha256:3c8de4cf2181f01d57946d87d777aa52916976fc09942aed89938fab5e013318", size = 10847925, upload-time = "2026-08-07T13:30:14.468Z" },
    { url = "https://files.pythonhosted.org/packages/13/5a/995fe85a8470d3e391ac0f7fa8054bb454eaf33ee138196d6172ed1079c0/ruff-0.16.2-py3-none-macosx_10_12_x86_64.whl", hash = "sha256:9a48cc05c6fbc811ca81b5d7ba95375affea6582d1b8024e455e41afbbf55344", size = 11072662, upload-time = "2026-08-07T13:30:18.143Z" },
    { url = "https://files.pythonhosted.org/packages/32/53/370d767c61c71a971a4ace36703a7ecd8c393956349a7325d7fab2b56827/ruff-0.16.2-py3-none-macosx_11_0_arm64.whl", hash = "sha256:a2c0d14fcbb26c91f0f867a6dc9bd71bbc30b1b6151829c884f23faeab2e5700", size = 10566771, upload-time = "2026-08-07T13:30:20.899Z" },
    { url = "https://files.pythonhosted.org/packages/85/d6/9d96948caf5a632be62d62202d5ec914d6856f204fd79eb036e5915e79ea/ruff-0.16.2-py3-none-manylinux_2_17_aarch64.manylinux2014_aarch64.whl", hash = "sha256:335c621622c4650330be50842561c6586ac6971bb8ab5407fe34dcc9efb16bbe", size = 10975825, upload-time = "2026-08-07T13:30:23.517Z" },
    { url = "https://files.pythonhosted.org/packages/3b/92/ea87129b3414acb0b5770563779c51804d37ac67675c7ba35447ddb14773/ruff-0.16.2-py3-none-manylinux_2_17_armv7l.manylinux2014_armv7l.whl", hash = "sha256:20e66910f2c37cc753f9ef6580c914a621b80c4fa3549d3e3521e29d0f5bfc3f", size = 10649437, upload-time = "2026-08-07T13:30:26.097Z" },
    { url = "https://files.pythonhosted.org/packages/ac/43/f8f291dcd4af5bb7872b74fdfa41a7cd7c856ca1d4069670971cf1b9f5cb/ruff-0.16.2-py3-none-manylinux_2_17_i686.manylinux2014_i686.whl", hash = "sha256:c7e36fbfba65510548156902bcf1350a979a958ce0347ce0f90d73894036b39f", size = 11446761, upload-time = "2026-08-07T13:30:28.752Z" },
    { url = "https://files.pythonhosted.org/packages/71/4a/ef991fb2fcf516ab71f0808adcdd8da5e18c8cde447f4ceaf5f47a5132a5/ruff-0.16.2-py3-none-manylinux_2_17_ppc64le.manylinux2014_ppc64le.whl", hash = "sha256:f0eab35f80df8f134aae5d1630e751901321d317cc8e50dc39e36fa3ed34cd12", size = 12336364, upload-time = "2026-08-07T13:30:31.468Z" },
    { url = "https://files.pythonhosted.org/packages/f3/24/f615e74f307e6ca0e56a482872477b856c70d530aa356abfb6dfe5ca8a80/ruff-0.16.2-py3-none-manylinux_2_17_s390x.manylinux2014_s390x.whl", hash = "sha256:40ea8c0594feb894e89c8c61ab9c103d38b0ea72dfde6c594107147ca31b1140", size = 11630720, upload-time = "2026-08-07T13:30:34.426Z" },
    { url = "https://files.pythonhosted.org/packages/c5/d3/8ef50149e8412a77f7ab409efdef0e2b23803707a3863da4fc64cb23d459/ruff-0.16.2-py3-none-manylinux_2_17_x86_64.manylinux2014_x86_64.whl", hash = "sha256:ab3d62dde0b19facdd632008cc4827fc28ada7736c6bd35ab6f1050f0bfed53f", size = 11466130, upload-time = "2026-08-07T13:30:36.958Z" },
    { url = "https://files.pythonhosted.org/packages/dd/a7/a19334985c4dea8c381981fa252cd854c7ee52dc4b1686dc16f4a911c702/ruff-0.16.2-py3-none-manylinux_2_31_riscv64.whl", hash = "sha256:e43e1f5b8388da9eca1b9e88328d47a5cec794633ccf6f7484ac2dd15eee92c0", size = 11523634, upload-time = "2026-08-07T13:30:39.822Z" },
    { url = "https://files.pythonhosted.org/packages/6e/6c/96d192b0e742412ceda08c0a50f9669b253dde9fd6a60ea1a10c9fa79a63/ruff-0.16.2-py3-none-musllinux_1_2_aarch64.whl", hash = "sha256:c24788a980581e1d7ea3a0cbe4344c4fbeb0a6a9b1f4713aa46bb104f8294690", size = 10949807, upload-time = "2026-08-07T13:30:42.745Z" },
    { url = "https://files.pythonhosted.org/packages/fa/51/e26599ceca11e79ee255c7df515995561edf87e9ca1893284e44d98f5a86/ruff-0.16.2-py3-none-musllinux_1_2_armv7l.whl", hash = "sha256:81806b08329130005dd4a8a8394a0c9da8c6f4cafb16ba438d2a2ee6a18bedf1", size = 10646891, upload-time = "2026-08-07T13:30:45.522Z" },
    { url = "https://files.pythonhosted.org/packages/68/01/800c4b1f97bc8d7c6029e06b1f20473a3cf1e13c4933d8f3342add83fc55/ruff-0.16.2-py3-none-musllinux_1_2_i686.whl", hash = "sha256:4ce4e02bad779bef557f541a1b31f20d6abeae1cc05ed1b1ac019d4ffd1044c8", size = 11162063, upload-time = "2026-08-07T13:30:48.131Z" },
    { url = "https://files.pythonhosted.org/packages/e4/d0/1477ea50fc5a0d4b0b71d1d63d50770bdd794d90b43e37a7618e63ec9894/ruff-0.16.2-py3-none-musllinux_1_2_x86_64.whl", hash = "sha256:e0422abdf70070255fc4073ce9dfc814cc03db577013761ddd09bc1e4a9a4fbd", size = 11556038, upload-time = "2026-08-07T13:30:50.686Z" },
    { url = "https://files.pythonhosted.org/packages/b8/76/a7776f32048d991e16d4fa8ff91790b877342d3596cc3ed04acdbf1aaedc/ruff-0.16.2-py3-none-win32.whl", hash = "sha256:bf3a63d78fb39f4bf5ac8ae52051c5520505301abe19ba4e204c453b3f09bb0b", size = 10872850, upload-time = "2026-08-07T13:30:53.471Z" },
    { url = "https://files.pythonhosted.org/packages/00/0d/929c800d920e61397d82a01b60bffc68da3052c17d31de59efaad2e4ed75/ruff-0.16.2-py3-none-win_amd64.whl", hash = "sha256:bcabe2f6d0fc7819f1431793005af4e4de7371927d037345bf941252b195b9fa", size = 12023338, upload-time = "2026-08-07T13:30:56.193Z" },
    { url = "https://files.pythonhosted.org/packages/5b/6c/93e26c22c5f78ff87363e07da49c84955affbeb1098bd1936bf3b3f293bf/ruff-0.16.2-py3-none-win_arm64.whl", hash = "sha256:d614e95cedf38a2053fd351c55b103ba30d017d61688fdbfd40ee0412852a99f", size = 11374065, upload-time = "2026-08-07T13:30:58.775Z" },
]

[[package]]
name = "trove-classifiers"
version = "2026.6.1.19"
source = { registry = "https://pypi.org/simple" }
sdist = { url = "https://files.pythonhosted.org/packages/c2/e3/7ca82ee24c82d344584abd5b8637b3bd056f2900226e8d82fc22f1184b92/trove_classifiers-2026.6.1.19.tar.gz", hash = "sha256:c5132b4b61a829d11cfbd2d72e97f20a45ed6edb95e45c5efdeb5e00836b2745", size = 17059, upload-time = "2026-06-01T19:41:34.649Z" }
wheels = [
    { url = "https://files.pythonhosted.org/packages/7c/a4/81502f486f01db95bc8320646a8a12511f5e556cb63d5e224d91816605c4/trove_classifiers-2026.6.1.19-py3-none-any.whl", hash = "sha256:ab4c4ec93cc4a4e7815fa759906e05e6bb3f2fbd92ea0f897288c6a43efd15b3", size = 14211, upload-time = "2026-06-01T19:41:33.434Z" },
]

[[package]]
name = "zizmor"
version = "1.29.0"
source = { registry = "https://pypi.org/simple" }
sdist = { url = "https://files.pythonhosted.org/packages/c2/f8/f4e3fc0b316d5241b6d6968e8fb702e28446bc7d3c1e2b229f4caa6eacf2/zizmor-1.29.0.tar.gz", hash = "sha256:60e34e83c67064e0036989c7c525d13413e897aa4c4f683f1efb2048cdb28a47", size = 571865, upload-time = "2026-08-01T21:09:19.324Z" }
wheels = [
    { url = "https://files.pythonhosted.org/packages/23/97/667ef4db0ca9225ee402c1b947b5b6f17fd234d72c15a71db150b7695c62/zizmor-1.29.0-py3-none-macosx_10_12_x86_64.whl", hash = "sha256:ea72f84d610643d57f96430c655a3780d0b874e477d32e14eae8e910f6cce1fd", size = 9037504, upload-time = "2026-08-01T21:08:56.752Z" },
    { url = "https://files.pythonhosted.org/packages/b5/d4/9fc7deaf75778e7516fa1d6c836377c3cb5d203dedc28899946b6f11ecdb/zizmor-1.29.0-py3-none-macosx_11_0_arm64.whl", hash = "sha256:5aafe617d7b1e0c0c15d58fdf20495f360f74a791dfa136f76630b4cc06c2a34", size = 8654426, upload-time = "2026-08-01T21:08:59.212Z" },
    { url = "https://files.pythonhosted.org/packages/f8/f6/6db714fb0aa08aeec62eb9d6ad6a443a1f4ed50d4c0b789944ae55fb83e4/zizmor-1.29.0-py3-none-manylinux_2_24_aarch64.whl", hash = "sha256:67644ae8d6d0394204b9a488f7d86f0dd66fe562f4ba85fc53e6105a6bfc7b6a", size = 8918927, upload-time = "2026-08-01T21:09:01.46Z" },
    { url = "https://files.pythonhosted.org/packages/15/40/a12edc0c0c0a0101c54dbb9099ff08f8de2fcb35c36cb706db3deb2c2728/zizmor-1.29.0-py3-none-manylinux_2_28_armv7l.whl", hash = "sha256:81e4093fed5c8a41d6ae7bb773085a9d2e6c0b0a0b560d46a9c76d69be0a07ed", size = 8500655, upload-time = "2026-08-01T21:09:03.677Z" },
    { url = "https://files.pythonhosted.org/packages/b4/f0/dfa67018b76bc4f2f50e265e8cbd1293833d1b1de5f3f02fbbb7487ae9c6/zizmor-1.29.0-py3-none-manylinux_2_28_x86_64.whl", hash = "sha256:587b99c2e1b34575c6c8565c2bfde415ca8bc0310f5589f19bc948c8dea10a20", size = 9351035, upload-time = "2026-08-01T21:09:06.16Z" },
    { url = "https://files.pythonhosted.org/packages/90/1b/93cdd5a06984b394d90001f9778008a21689052904109080a09952626c99/zizmor-1.29.0-py3-none-musllinux_1_2_aarch64.whl", hash = "sha256:061600f23c46f2e400bcdef666c236de7e5c0b07dd6ca046daa001eb1514b909", size = 8941717, upload-time = "2026-08-01T21:09:08.861Z" },
    { url = "https://files.pythonhosted.org/packages/0b/f4/8d9e54405b477bc8e4b56c1a60123fca26c109ea6a762eea104fab32555e/zizmor-1.29.0-py3-none-musllinux_1_2_armv7l.whl", hash = "sha256:332546480be38aca95c149f835e0dcb7679ab5d74618a90c6ccb3fa6b8c7b99d", size = 8468289, upload-time = "2026-08-01T21:09:11.096Z" },
    { url = "https://files.pythonhosted.org/packages/72/86/06d57ca830cc4653369c5aca22cccbf04c8c36ee84a67f351214e556bad8/zizmor-1.29.0-py3-none-musllinux_1_2_x86_64.whl", hash = "sha256:a7462b9ab45d72a20ad5ab8193b430df8184c59e2bf46954ddd09496f2f00b45", size = 9446505, upload-time = "2026-08-01T21:09:13.38Z" },
    { url = "https://files.pythonhosted.org/packages/4c/f4/253d9a3538e0ea6f96a3bcd69839c0c5a816a00299620b58a10b5bd1df59/zizmor-1.29.0-py3-none-win32.whl", hash = "sha256:8c759e68cd866375030ca39e19e2de47a056b7be7288c1620e2d5b4c274f631f", size = 7655723, upload-time = "2026-08-01T21:09:15.758Z" },
    { url = "https://files.pythonhosted.org/packages/b1/2d/7919bc23475273ed8038a031fc24bc3f2005c78e608ce8df96746ef0fb98/zizmor-1.29.0-py3-none-win_amd64.whl", hash = "sha256:0fb85948ba5ffc7a8116eee36fe9cfc10167225c97bd2810e3378e66a9fd27c4", size = 8785519, upload-time = "2026-08-01T21:09:17.513Z" },
]
